
Microsoft Visual Studio Solution File, Format Version 12.00
# Visual Studio 15
VisualStudioVersion = 15.0.26430.16
MinimumVisualStudioVersion = 10.0.40219.1
Project("{2150E333-8FDC-42A3-9474-1A3956D46DE8}") = "Solution Items", "Solution Items", "{BE461BBF-74FB-451C-8B8C-868722024373}"
	ProjectSection(SolutionItems) = preProject
		.gitignore = .gitignore
		dev.bat = dev.bat
		NuGet.config = NuGet.config
		README.md = README.md
		docker-compose.yml = docker-compose.yml
		azure-pipelines.yml = azure-pipelines.yml
	EndProjectSection
EndProject
Project("{9A19103F-16F7-4668-BE54-9A1E7A4F7556}") = "BioEngine.Site", "src\Site\BioEngine.Site.csproj", "{EC308F99-E836-430C-9B90-5117E0B8852F}"
EndProject
Project("{9A19103F-16F7-4668-BE54-9A1E7A4F7556}") = "BioEngine.Common", "src\Common\BioEngine.Common.csproj", "{984A4148-132B-4CB0-A0D7-81A3EC91125C}"
EndProject
Project("{9A19103F-16F7-4668-BE54-9A1E7A4F7556}") = "BioEngine.API", "src\API\BioEngine.API.csproj", "{308888F3-2B5D-43F6-86B6-659FC5BA732F}"
EndProject
Project("{9A19103F-16F7-4668-BE54-9A1E7A4F7556}") = "BioEngine.Routing", "src\Routing\BioEngine.Routing.csproj", "{392EF2B7-E5AE-4EFD-A1A1-740491447EE3}"
EndProject
Project("{9A19103F-16F7-4668-BE54-9A1E7A4F7556}") = "BioEngine.Content", "src\Content\BioEngine.Content.csproj", "{D80FF181-26B5-402A-93C9-D3CD444FCC06}"
EndProject
Project("{FAE04EC0-301F-11D3-BF4B-00C04F79EFBC}") = "BioEngine.Data", "src\Data\BioEngine.Data.csproj", "{E1081F19-6CD7-485B-91B8-1C3FAFB0DE61}"
EndProject
Project("{FAE04EC0-301F-11D3-BF4B-00C04F79EFBC}") = "BioEngine.Site.Tests", "src\Site.Tests\BioEngine.Site.Tests.csproj", "{A09C17A4-8859-48C3-9183-0866D327B412}"
EndProject
Project("{FAE04EC0-301F-11D3-BF4B-00C04F79EFBC}") = "BioEngine.Social", "src\Social\BioEngine.Social.csproj", "{88C3F138-4A22-415A-9028-865A256DFB38}"
EndProject
Project("{FAE04EC0-301F-11D3-BF4B-00C04F79EFBC}") = "Search", "src\Search\BioEngine.Search.csproj", "{94825FA1-7D8A-4085-884D-FE18BD087454}"
EndProject
Project("{FAE04EC0-301F-11D3-BF4B-00C04F79EFBC}") = "BioEngine.Web", "src\Web\BioEngine.Web.csproj", "{41FD8F9B-A53C-4FAF-B148-335C76EE7A83}"
EndProject
Project("{FAE04EC0-301F-11D3-BF4B-00C04F79EFBC}") = "BioEngine.Social.Test", "src\BioEngine.Social.Test\BioEngine.Social.Test.csproj", "{7AE14EFA-C077-4C35-9A25-DF81A510BECA}"
EndProject
Global
	GlobalSection(SolutionConfigurationPlatforms) = preSolution
		Debug|Any CPU = Debug|Any CPU
		Release|Any CPU = Release|Any CPU
	EndGlobalSection
	GlobalSection(ProjectConfigurationPlatforms) = postSolution
		{EC308F99-E836-430C-9B90-5117E0B8852F}.Debug|Any CPU.ActiveCfg = Debug|Any CPU
		{EC308F99-E836-430C-9B90-5117E0B8852F}.Debug|Any CPU.Build.0 = Debug|Any CPU
		{EC308F99-E836-430C-9B90-5117E0B8852F}.Release|Any CPU.ActiveCfg = Release|Any CPU
		{EC308F99-E836-430C-9B90-5117E0B8852F}.Release|Any CPU.Build.0 = Release|Any CPU
		{984A4148-132B-4CB0-A0D7-81A3EC91125C}.Debug|Any CPU.ActiveCfg = Debug|Any CPU
		{984A4148-132B-4CB0-A0D7-81A3EC91125C}.Debug|Any CPU.Build.0 = Debug|Any CPU
		{984A4148-132B-4CB0-A0D7-81A3EC91125C}.Release|Any CPU.ActiveCfg = Release|Any CPU
		{984A4148-132B-4CB0-A0D7-81A3EC91125C}.Release|Any CPU.Build.0 = Release|Any CPU
		{308888F3-2B5D-43F6-86B6-659FC5BA732F}.Debug|Any CPU.ActiveCfg = Debug|Any CPU
		{308888F3-2B5D-43F6-86B6-659FC5BA732F}.Debug|Any CPU.Build.0 = Debug|Any CPU
		{308888F3-2B5D-43F6-86B6-659FC5BA732F}.Release|Any CPU.ActiveCfg = Release|Any CPU
		{308888F3-2B5D-43F6-86B6-659FC5BA732F}.Release|Any CPU.Build.0 = Release|Any CPU
		{392EF2B7-E5AE-4EFD-A1A1-740491447EE3}.Debug|Any CPU.ActiveCfg = Debug|Any CPU
		{392EF2B7-E5AE-4EFD-A1A1-740491447EE3}.Debug|Any CPU.Build.0 = Debug|Any CPU
		{392EF2B7-E5AE-4EFD-A1A1-740491447EE3}.Release|Any CPU.ActiveCfg = Release|Any CPU
		{392EF2B7-E5AE-4EFD-A1A1-740491447EE3}.Release|Any CPU.Build.0 = Release|Any CPU
		{D80FF181-26B5-402A-93C9-D3CD444FCC06}.Debug|Any CPU.ActiveCfg = Debug|Any CPU
		{D80FF181-26B5-402A-93C9-D3CD444FCC06}.Debug|Any CPU.Build.0 = Debug|Any CPU
		{D80FF181-26B5-402A-93C9-D3CD444FCC06}.Release|Any CPU.ActiveCfg = Release|Any CPU
		{D80FF181-26B5-402A-93C9-D3CD444FCC06}.Release|Any CPU.Build.0 = Release|Any CPU
		{E1081F19-6CD7-485B-91B8-1C3FAFB0DE61}.Debug|Any CPU.ActiveCfg = Debug|Any CPU
		{E1081F19-6CD7-485B-91B8-1C3FAFB0DE61}.Debug|Any CPU.Build.0 = Debug|Any CPU
		{E1081F19-6CD7-485B-91B8-1C3FAFB0DE61}.Release|Any CPU.ActiveCfg = Release|Any CPU
		{E1081F19-6CD7-485B-91B8-1C3FAFB0DE61}.Release|Any CPU.Build.0 = Release|Any CPU
		{A09C17A4-8859-48C3-9183-0866D327B412}.Debug|Any CPU.ActiveCfg = Debug|Any CPU
		{A09C17A4-8859-48C3-9183-0866D327B412}.Debug|Any CPU.Build.0 = Debug|Any CPU
		{A09C17A4-8859-48C3-9183-0866D327B412}.Release|Any CPU.ActiveCfg = Release|Any CPU
		{A09C17A4-8859-48C3-9183-0866D327B412}.Release|Any CPU.Build.0 = Release|Any CPU
		{88C3F138-4A22-415A-9028-865A256DFB38}.Debug|Any CPU.ActiveCfg = Debug|Any CPU
		{88C3F138-4A22-415A-9028-865A256DFB38}.Debug|Any CPU.Build.0 = Debug|Any CPU
		{88C3F138-4A22-415A-9028-865A256DFB38}.Release|Any CPU.ActiveCfg = Release|Any CPU
		{88C3F138-4A22-415A-9028-865A256DFB38}.Release|Any CPU.Build.0 = Release|Any CPU
		{94825FA1-7D8A-4085-884D-FE18BD087454}.Debug|Any CPU.ActiveCfg = Debug|Any CPU
		{94825FA1-7D8A-4085-884D-FE18BD087454}.Debug|Any CPU.Build.0 = Debug|Any CPU
		{94825FA1-7D8A-4085-884D-FE18BD087454}.Release|Any CPU.ActiveCfg = Release|Any CPU
		{94825FA1-7D8A-4085-884D-FE18BD087454}.Release|Any CPU.Build.0 = Release|Any CPU
		{41FD8F9B-A53C-4FAF-B148-335C76EE7A83}.Debug|Any CPU.ActiveCfg = Debug|Any CPU
		{41FD8F9B-A53C-4FAF-B148-335C76EE7A83}.Debug|Any CPU.Build.0 = Debug|Any CPU
		{41FD8F9B-A53C-4FAF-B148-335C76EE7A83}.Release|Any CPU.ActiveCfg = Release|Any CPU
		{41FD8F9B-A53C-4FAF-B148-335C76EE7A83}.Release|Any CPU.Build.0 = Release|Any CPU
		{7AE14EFA-C077-4C35-9A25-DF81A510BECA}.Debug|Any CPU.ActiveCfg = Debug|Any CPU
		{7AE14EFA-C077-4C35-9A25-DF81A510BECA}.Debug|Any CPU.Build.0 = Debug|Any CPU
		{7AE14EFA-C077-4C35-9A25-DF81A510BECA}.Release|Any CPU.ActiveCfg = Release|Any CPU
		{7AE14EFA-C077-4C35-9A25-DF81A510BECA}.Release|Any CPU.Build.0 = Release|Any CPU
	EndGlobalSection
	GlobalSection(SolutionProperties) = preSolution
		HideSolutionNode = FALSE
	EndGlobalSection
EndGlobal
